
Microsoft Visual Studio Solution File, Format Version 11.00
# Visual Studio 2010
Project("{FAE04EC0-301F-11D3-BF4B-00C04F79EFBC}") = "MarkdownOutlook", "MarkdownOutlook\MarkdownOutlook.csproj", "{BB10F8D0-255C-4F0E-9382-E571B0F8AAFF}"
EndProject
Global
	GlobalSection(SolutionConfigurationPlatforms) = preSolution
		Debug|Any CPU = Debug|Any CPU
		Release|Any CPU = Release|Any CPU
	EndGlobalSection
	GlobalSection(ProjectConfigurationPlatforms) = postSolution
		{BB10F8D0-255C-4F0E-9382-E571B0F8AAFF}.Debug|Any CPU.ActiveCfg = Debug|Any CPU
		{BB10F8D0-255C-4F0E-9382-E571B0F8AAFF}.Debug|Any CPU.Build.0 = Debug|Any CPU
		{BB10F8D0-255C-4F0E-9382-E571B0F8AAFF}.Release|Any CPU.ActiveCfg = Release|Any CPU
		{BB10F8D0-255C-4F0E-9382-E571B0F8AAFF}.Release|Any CPU.Build.0 = Release|Any CPU
	EndGlobalSection
	GlobalSection(SolutionProperties) = preSolution
		HideSolutionNode = FALSE
	EndGlobalSection
EndGlobal
