
Microsoft Visual Studio Solution File, Format Version 12.00
# Visual Studio 2013
VisualStudioVersion = 12.0.30110.0
MinimumVisualStudioVersion = 10.0.40219.1
Project("{FAE04EC0-301F-11D3-BF4B-00C04F79EFBC}") = "MarkdownOutlook", "MarkdownOutlook\MarkdownOutlook.csproj", "{BB10F8D0-255C-4F0E-9382-E571B0F8AAFF}"
EndProject
Project("{2150E333-8FDC-42A3-9474-1A3956D46DE8}") = ".nuget", ".nuget", "{46B2D687-245E-4D80-B21F-DE848877FE41}"
	ProjectSection(SolutionItems) = preProject
		.nuget\NuGet.Config = .nuget\NuGet.Config
		.nuget\NuGet.exe = .nuget\NuGet.exe
		.nuget\NuGet.targets = .nuget\NuGet.targets
	EndProjectSection
EndProject
Project("{54435603-DBB4-11D2-8724-00A0C9A8B90C}") = "MarkdownOutlookSetup", "MarkdownOutlookSetup\MarkdownOutlookSetup.vdproj", "{1BE3E826-AD7D-44ED-B7A8-CE2DC441FED2}"
EndProject
Global
	GlobalSection(SolutionConfigurationPlatforms) = preSolution
		Debug|Any CPU = Debug|Any CPU
		Release|Any CPU = Release|Any CPU
	EndGlobalSection
	GlobalSection(ProjectConfigurationPlatforms) = postSolution
		{BB10F8D0-255C-4F0E-9382-E571B0F8AAFF}.Debug|Any CPU.ActiveCfg = Debug|Any CPU
		{BB10F8D0-255C-4F0E-9382-E571B0F8AAFF}.Debug|Any CPU.Build.0 = Debug|Any CPU
		{BB10F8D0-255C-4F0E-9382-E571B0F8AAFF}.Release|Any CPU.ActiveCfg = Release|Any CPU
		{BB10F8D0-255C-4F0E-9382-E571B0F8AAFF}.Release|Any CPU.Build.0 = Release|Any CPU
		{1BE3E826-AD7D-44ED-B7A8-CE2DC441FED2}.Debug|Any CPU.ActiveCfg = Debug
		{1BE3E826-AD7D-44ED-B7A8-CE2DC441FED2}.Release|Any CPU.ActiveCfg = Release
	EndGlobalSection
	GlobalSection(SolutionProperties) = preSolution
		HideSolutionNode = FALSE
	EndGlobalSection
EndGlobal
